
Microsoft Visual Studio Solution File, Format Version 12.00
# Visual Studio 15
VisualStudioVersion = 15.0.27428.2005
MinimumVisualStudioVersion = 10.0.40219.1
Project("{9A19103F-16F7-4668-BE54-9A1E7A4F7556}") = "eshop.api.customer", "eshop.api.customer\eshop.api.customer.csproj", "{E949F20E-2968-477D-A46F-2BC77AA39696}"
EndProject
Project("{FAE04EC0-301F-11D3-BF4B-00C04F79EFBC}") = "eshop.api.customer.dal", "eshop.api.customer.dal\eshop.api.customer.dal.csproj", "{45867A21-FFE0-4E7E-90EF-319952C53B96}"
EndProject
Global
	GlobalSection(SolutionConfigurationPlatforms) = preSolution
		Debug|Any CPU = Debug|Any CPU
		Release|Any CPU = Release|Any CPU
	EndGlobalSection
	GlobalSection(ProjectConfigurationPlatforms) = postSolution
		{E949F20E-2968-477D-A46F-2BC77AA39696}.Debug|Any CPU.ActiveCfg = Debug|Any CPU
		{E949F20E-2968-477D-A46F-2BC77AA39696}.Debug|Any CPU.Build.0 = Debug|Any CPU
		{E949F20E-2968-477D-A46F-2BC77AA39696}.Release|Any CPU.ActiveCfg = Release|Any CPU
		{E949F20E-2968-477D-A46F-2BC77AA39696}.Release|Any CPU.Build.0 = Release|Any CPU
		{45867A21-FFE0-4E7E-90EF-319952C53B96}.Debug|Any CPU.ActiveCfg = Debug|Any CPU
		{45867A21-FFE0-4E7E-90EF-319952C53B96}.Debug|Any CPU.Build.0 = Debug|Any CPU
		{45867A21-FFE0-4E7E-90EF-319952C53B96}.Release|Any CPU.ActiveCfg = Release|Any CPU
		{45867A21-FFE0-4E7E-90EF-319952C53B96}.Release|Any CPU.Build.0 = Release|Any CPU
	EndGlobalSection
	GlobalSection(SolutionProperties) = preSolution
		HideSolutionNode = FALSE
	EndGlobalSection
	GlobalSection(ExtensibilityGlobals) = postSolution
		SolutionGuid = {A8DCFC5E-3FB4-4A90-B613-CA8CFD66A163}
	EndGlobalSection
EndGlobal
